
Microsoft Visual Studio Solution File, Format Version 12.00
# Visual Studio Version 17
VisualStudioVersion = 17.7.34221.43
MinimumVisualStudioVersion = 10.0.40219.1
Project("{FAE04EC0-301F-11D3-BF4B-00C04F79EFBC}") = "AdventOfCode", "AdventOfCode\AdventOfCode.csproj", "{CC3B3B48-2A4E-4F04-8036-DC3BAB7B8D40}"
EndProject
Global
	GlobalSection(SolutionConfigurationPlatforms) = preSolution
		Debug|Any CPU = Debug|Any CPU
		Release|Any CPU = Release|Any CPU
	EndGlobalSection
	GlobalSection(ProjectConfigurationPlatforms) = postSolution
		{CC3B3B48-2A4E-4F04-8036-DC3BAB7B8D40}.Debug|Any CPU.ActiveCfg = Debug|Any CPU
		{CC3B3B48-2A4E-4F04-8036-DC3BAB7B8D40}.Debug|Any CPU.Build.0 = Debug|Any CPU
		{CC3B3B48-2A4E-4F04-8036-DC3BAB7B8D40}.Release|Any CPU.ActiveCfg = Release|Any CPU
		{CC3B3B48-2A4E-4F04-8036-DC3BAB7B8D40}.Release|Any CPU.Build.0 = Release|Any CPU
	EndGlobalSection
	GlobalSection(SolutionProperties) = preSolution
		HideSolutionNode = FALSE
	EndGlobalSection
	GlobalSection(ExtensibilityGlobals) = postSolution
		SolutionGuid = {640A0E1D-B65C-47FE-92F7-569BA541F0A7}
	EndGlobalSection
EndGlobal
